// !$*UTF8*$!
{
	archiveVersion = 1;
	classes = {
	};
	objectVersion = 46;
	objects = {

/* Begin PBXBuildFile section */
		29092ACA1DF7546F00B3985B /* ReportPagerListViewController.swift in Sources */ = {isa = PBXBuildFile; fileRef = 29092AC91DF7546F00B3985B /* ReportPagerListViewController.swift */; };
		29092AD01DF7551C00B3985B /* ReportPagerCell.swift in Sources */ = {isa = PBXBuildFile; fileRef = 29092ACE1DF7551C00B3985B /* ReportPagerCell.swift */; };
		29092AD11DF7551C00B3985B /* ReportPagerCell.xib in Resources */ = {isa = PBXBuildFile; fileRef = 29092ACF1DF7551C00B3985B /* ReportPagerCell.xib */; };
		29124DE61DF51DC4002F00A9 /* MemberListViewController.swift in Sources */ = {isa = PBXBuildFile; fileRef = 29124DE51DF51DC4002F00A9 /* MemberListViewController.swift */; };
		29124DEC1DF51F9F002F00A9 /* MemberListSectionHeader.swift in Sources */ = {isa = PBXBuildFile; fileRef = 29124DEA1DF51F9F002F00A9 /* MemberListSectionHeader.swift */; };
		29124DED1DF51F9F002F00A9 /* MemberListSectionHeader.xib in Resources */ = {isa = PBXBuildFile; fileRef = 29124DEB1DF51F9F002F00A9 /* MemberListSectionHeader.xib */; };
		29124DEF1DF52F30002F00A9 /* HeaderInfo.swift in Sources */ = {isa = PBXBuildFile; fileRef = 29124DEE1DF52F30002F00A9 /* HeaderInfo.swift */; };
		2955F01A1DE0E1F300780597 /* SyncGroup.swift in Sources */ = {isa = PBXBuildFile; fileRef = 2955F0191DE0E1F300780597 /* SyncGroup.swift */; };
		2955F01C1DE106E500780597 /* SyncMember.swift in Sources */ = {isa = PBXBuildFile; fileRef = 2955F01B1DE106E500780597 /* SyncMember.swift */; };
		2955F01E1DE115B800780597 /* SyncCategory.swift in Sources */ = {isa = PBXBuildFile; fileRef = 2955F01D1DE115B800780597 /* SyncCategory.swift */; };
		29580B3F1DE1639500D58BE1 /* SettingsViewController.swift in Sources */ = {isa = PBXBuildFile; fileRef = 29580B3E1DE1639500D58BE1 /* SettingsViewController.swift */; };
		29585D901DF7982400D3F4DC /* CategoryReportRankCell.swift in Sources */ = {isa = PBXBuildFile; fileRef = 29585D8E1DF7982400D3F4DC /* CategoryReportRankCell.swift */; };
		29585D911DF7982400D3F4DC /* CategoryReportRankCell.xib in Resources */ = {isa = PBXBuildFile; fileRef = 29585D8F1DF7982400D3F4DC /* CategoryReportRankCell.xib */; };
		29585D9A1DF7BB8D00D3F4DC /* ReportDetailPagerViewController.swift in Sources */ = {isa = PBXBuildFile; fileRef = 29585D991DF7BB8D00D3F4DC /* ReportDetailPagerViewController.swift */; };
		2971CB521DE6C1800027D9C9 /* EColor.swift in Sources */ = {isa = PBXBuildFile; fileRef = 2971CB511DE6C1800027D9C9 /* EColor.swift */; };
		2971CB541DE6C1AD0027D9C9 /* EIcon.swift in Sources */ = {isa = PBXBuildFile; fileRef = 2971CB531DE6C1AD0027D9C9 /* EIcon.swift */; };
		2971CB571DE6C4AA0027D9C9 /* CategoryCell.swift in Sources */ = {isa = PBXBuildFile; fileRef = 2971CB551DE6C4AA0027D9C9 /* CategoryCell.swift */; };
		2971CB581DE6C4AA0027D9C9 /* CategoryCell.xib in Resources */ = {isa = PBXBuildFile; fileRef = 2971CB561DE6C4AA0027D9C9 /* CategoryCell.xib */; };
		2974D90B1DDD57F6009AD3E3 /* GroupViewController.swift in Sources */ = {isa = PBXBuildFile; fileRef = 2974D90A1DDD57F6009AD3E3 /* GroupViewController.swift */; };
		2974D90E1DDD5C1A009AD3E3 /* GroupCell.swift in Sources */ = {isa = PBXBuildFile; fileRef = 2974D90C1DDD5C1A009AD3E3 /* GroupCell.swift */; };
		2974D90F1DDD5C1A009AD3E3 /* GroupCell.xib in Resources */ = {isa = PBXBuildFile; fileRef = 2974D90D1DDD5C1A009AD3E3 /* GroupCell.xib */; };
		2974D9151DDD7E57009AD3E3 /* GroupDetailViewController.swift in Sources */ = {isa = PBXBuildFile; fileRef = 2974D9141DDD7E57009AD3E3 /* GroupDetailViewController.swift */; };
		298D58441DD8E40000263258 /* RMember.swift in Sources */ = {isa = PBXBuildFile; fileRef = 298D58431DD8E40000263258 /* RMember.swift */; };
		298D58461DD8F4CC00263258 /* RUser.swift in Sources */ = {isa = PBXBuildFile; fileRef = 298D58451DD8F4CC00263258 /* RUser.swift */; };
		298D58481DD9049600263258 /* RCategory.swift in Sources */ = {isa = PBXBuildFile; fileRef = 298D58471DD9049600263258 /* RCategory.swift */; };
		298D584A1DD910A600263258 /* RGroup.swift in Sources */ = {isa = PBXBuildFile; fileRef = 298D58491DD910A600263258 /* RGroup.swift */; };
		29AE9AF41DEBFB9C002E65E9 /* CategoryViewController.swift in Sources */ = {isa = PBXBuildFile; fileRef = 29AE9AF31DEBFB9C002E65E9 /* CategoryViewController.swift */; };
		29AF29891DED4BD400E03DBB /* MemberCell.swift in Sources */ = {isa = PBXBuildFile; fileRef = 29AF29871DED4BD300E03DBB /* MemberCell.swift */; };
		29AF298A1DED4BD400E03DBB /* MemberCell.xib in Resources */ = {isa = PBXBuildFile; fileRef = 29AF29881DED4BD300E03DBB /* MemberCell.xib */; };
		29AF298C1DED4DEF00E03DBB /* MemberFilterViewController.swift in Sources */ = {isa = PBXBuildFile; fileRef = 29AF298B1DED4DEF00E03DBB /* MemberFilterViewController.swift */; };
		29BE80AC1DF86C2A0012EB00 /* CategoryReportPagerCell.swift in Sources */ = {isa = PBXBuildFile; fileRef = 29BE80AA1DF86C2A0012EB00 /* CategoryReportPagerCell.swift */; };
		29BE80AD1DF86C2A0012EB00 /* CategoryReportPagerCell.xib in Resources */ = {isa = PBXBuildFile; fileRef = 29BE80AB1DF86C2A0012EB00 /* CategoryReportPagerCell.xib */; };
		29BE80B31DF873D10012EB00 /* TimeReportPagerCell.swift in Sources */ = {isa = PBXBuildFile; fileRef = 29BE80B11DF873D10012EB00 /* TimeReportPagerCell.swift */; };
		29BE80B41DF873D10012EB00 /* TimeReportPagerCell.xib in Resources */ = {isa = PBXBuildFile; fileRef = 29BE80B21DF873D10012EB00 /* TimeReportPagerCell.xib */; };
		29BE80B61DF896820012EB00 /* ReportExpenseViewController.swift in Sources */ = {isa = PBXBuildFile; fileRef = 29BE80B51DF896820012EB00 /* ReportExpenseViewController.swift */; };
		29C217441DE2A27D00ACDF9B /* LoginViewController.swift in Sources */ = {isa = PBXBuildFile; fileRef = 29C217431DE2A27D00ACDF9B /* LoginViewController.swift */; };
		29C217471DE2C39400ACDF9B /* OverviewViewController.swift in Sources */ = {isa = PBXBuildFile; fileRef = 29C217461DE2C39400ACDF9B /* OverviewViewController.swift */; };
		29C873C71DEE0870000F67C5 /* CategoryFilterViewController.swift in Sources */ = {isa = PBXBuildFile; fileRef = 29C873C61DEE0870000F67C5 /* CategoryFilterViewController.swift */; };
		29C873CA1DEE14BE000F67C5 /* CategoryFilterCell.swift in Sources */ = {isa = PBXBuildFile; fileRef = 29C873C81DEE14BE000F67C5 /* CategoryFilterCell.swift */; };
		29C873CB1DEE14BE000F67C5 /* CategoryFilterCell.xib in Resources */ = {isa = PBXBuildFile; fileRef = 29C873C91DEE14BE000F67C5 /* CategoryFilterCell.xib */; };
		29C873D51DEE74B6000F67C5 /* DateFilterView.swift in Sources */ = {isa = PBXBuildFile; fileRef = 29C873D41DEE74B6000F67C5 /* DateFilterView.swift */; };
		29C873D71DEE74D2000F67C5 /* DateFilterView.xib in Resources */ = {isa = PBXBuildFile; fileRef = 29C873D61DEE74D2000F67C5 /* DateFilterView.xib */; };
		29EE3DFA1DDBFB6200EB695C /* MenuCell.swift in Sources */ = {isa = PBXBuildFile; fileRef = 29EE3DF81DDBFB6200EB695C /* MenuCell.swift */; };
		29EE3DFB1DDBFB6200EB695C /* MenuCell.xib in Resources */ = {isa = PBXBuildFile; fileRef = 29EE3DF91DDBFB6200EB695C /* MenuCell.xib */; };
		29EE3DFD1DDBFF8C00EB695C /* MenuItem.swift in Sources */ = {isa = PBXBuildFile; fileRef = 29EE3DFC1DDBFF8C00EB695C /* MenuItem.swift */; };
		29EE3DFF1DDC010100EB695C /* MenuViewController.swift in Sources */ = {isa = PBXBuildFile; fileRef = 29EE3DFE1DDC010100EB695C /* MenuViewController.swift */; };
		29EEB3471DDABEFC00503DA2 /* HamburgerViewController.swift in Sources */ = {isa = PBXBuildFile; fileRef = 29EEB3461DDABEFC00503DA2 /* HamburgerViewController.swift */; };
		29F485211DF65A470069D78D /* AppConstants.swift in Sources */ = {isa = PBXBuildFile; fileRef = 29F485201DF65A470069D78D /* AppConstants.swift */; };
		29F485281DF69CCA0069D78D /* ReportViewController.swift in Sources */ = {isa = PBXBuildFile; fileRef = 29F485271DF69CCA0069D78D /* ReportViewController.swift */; };
		29F4852B1DF6A50D0069D78D /* NotificationViewController.swift in Sources */ = {isa = PBXBuildFile; fileRef = 29F4852A1DF6A50D0069D78D /* NotificationViewController.swift */; };
		29FE43331DE395A200938610 /* Helpers.swift in Sources */ = {isa = PBXBuildFile; fileRef = 29FE43321DE395A200938610 /* Helpers.swift */; };
		3A4B90901DD7C68700E23742 /* ExpenseViewController.swift in Sources */ = {isa = PBXBuildFile; fileRef = 3A4B908F1DD7C68700E23742 /* ExpenseViewController.swift */; };
		3A4B90941DD7C77F00E23742 /* ExpenseCell.swift in Sources */ = {isa = PBXBuildFile; fileRef = 3A4B90921DD7C77F00E23742 /* ExpenseCell.swift */; };
		3A4B90951DD7C77F00E23742 /* ExpenseCell.xib in Resources */ = {isa = PBXBuildFile; fileRef = 3A4B90931DD7C77F00E23742 /* ExpenseCell.xib */; };
		3A64E5731DEABD7400539BC1 /* CreateButton.swift in Sources */ = {isa = PBXBuildFile; fileRef = 3A64E5721DEABD7400539BC1 /* CreateButton.swift */; };
		3A64E5751DEBA5C500539BC1 /* CreateExpenseViewController.swift in Sources */ = {isa = PBXBuildFile; fileRef = 3A64E5741DEBA5C500539BC1 /* CreateExpenseViewController.swift */; };
		3A84D6271DEE2FCE00C33BA4 /* SyncPhoto.swift in Sources */ = {isa = PBXBuildFile; fileRef = 3A84D6261DEE2FCE00C33BA4 /* SyncPhoto.swift */; };
		3A84D62E1DEE746300C33BA4 /* PointerType.swift in Sources */ = {isa = PBXBuildFile; fileRef = 3A84D62D1DEE746300C33BA4 /* PointerType.swift */; };
		3A9248C61DD7A6AD004BBA99 /* AppDelegate.swift in Sources */ = {isa = PBXBuildFile; fileRef = 3A9248C51DD7A6AD004BBA99 /* AppDelegate.swift */; };
		3A9248CB1DD7A6AD004BBA99 /* Main.storyboard in Resources */ = {isa = PBXBuildFile; fileRef = 3A9248C91DD7A6AD004BBA99 /* Main.storyboard */; };
		3A9248CD1DD7A6AD004BBA99 /* Assets.xcassets in Resources */ = {isa = PBXBuildFile; fileRef = 3A9248CC1DD7A6AD004BBA99 /* Assets.xcassets */; };
		3A9248D01DD7A6AD004BBA99 /* LaunchScreen.storyboard in Resources */ = {isa = PBXBuildFile; fileRef = 3A9248CE1DD7A6AD004BBA99 /* LaunchScreen.storyboard */; };
		3A9248DB1DD7A6AD004BBA99 /* ExtrTests.swift in Sources */ = {isa = PBXBuildFile; fileRef = 3A9248DA1DD7A6AD004BBA99 /* ExtrTests.swift */; };
		3A9248E61DD7A6AD004BBA99 /* ExtrUITests.swift in Sources */ = {isa = PBXBuildFile; fileRef = 3A9248E51DD7A6AD004BBA99 /* ExtrUITests.swift */; };
		3A9248F91DD7AA89004BBA99 /* Alamofire.framework in Frameworks */ = {isa = PBXBuildFile; fileRef = 3A9248F31DD7AA7B004BBA99 /* Alamofire.framework */; };
		3A9248FA1DD7AA89004BBA99 /* Alamofire.framework in Embed Frameworks */ = {isa = PBXBuildFile; fileRef = 3A9248F31DD7AA7B004BBA99 /* Alamofire.framework */; settings = {ATTRIBUTES = (CodeSignOnCopy, RemoveHeadersOnCopy, ); }; };
		3A9248FB1DD7AA89004BBA99 /* Realm.framework in Frameworks */ = {isa = PBXBuildFile; fileRef = 3A9248F41DD7AA7B004BBA99 /* Realm.framework */; };
		3A9248FC1DD7AA89004BBA99 /* Realm.framework in Embed Frameworks */ = {isa = PBXBuildFile; fileRef = 3A9248F41DD7AA7B004BBA99 /* Realm.framework */; settings = {ATTRIBUTES = (CodeSignOnCopy, RemoveHeadersOnCopy, ); }; };
		3A9248FD1DD7AA89004BBA99 /* RealmSwift.framework in Frameworks */ = {isa = PBXBuildFile; fileRef = 3A9248F51DD7AA7B004BBA99 /* RealmSwift.framework */; };
		3A9248FE1DD7AA89004BBA99 /* RealmSwift.framework in Embed Frameworks */ = {isa = PBXBuildFile; fileRef = 3A9248F51DD7AA7B004BBA99 /* RealmSwift.framework */; settings = {ATTRIBUTES = (CodeSignOnCopy, RemoveHeadersOnCopy, ); }; };
		3A9249031DD7AAF8004BBA99 /* Secrets.swift in Sources */ = {isa = PBXBuildFile; fileRef = 3A9249021DD7AAF8004BBA99 /* Secrets.swift */; };
		3A9249051DD7AB1A004BBA99 /* Endpoint.swift in Sources */ = {isa = PBXBuildFile; fileRef = 3A9249041DD7AB1A004BBA99 /* Endpoint.swift */; };
		3A9249071DD7AB3F004BBA99 /* EndpointBuilder.swift in Sources */ = {isa = PBXBuildFile; fileRef = 3A9249061DD7AB3F004BBA99 /* EndpointBuilder.swift */; };
		3A9249091DD7AB5A004BBA99 /* NetworkRequest.swift in Sources */ = {isa = PBXBuildFile; fileRef = 3A9249081DD7AB5A004BBA99 /* NetworkRequest.swift */; };
		3A92490B1DD7AB73004BBA99 /* SyncExpense.swift in Sources */ = {isa = PBXBuildFile; fileRef = 3A92490A1DD7AB73004BBA99 /* SyncExpense.swift */; };
		3A92490D1DD7ABB3004BBA99 /* AppError.swift in Sources */ = {isa = PBXBuildFile; fileRef = 3A92490C1DD7ABB3004BBA99 /* AppError.swift */; };
		3A9249111DD7AC00004BBA99 /* RExpense.swift in Sources */ = {isa = PBXBuildFile; fileRef = 3A9249101DD7AC00004BBA99 /* RExpense.swift */; };
		3A9AC0821DEEB6D900793801 /* Charts.framework in CopyFiles */ = {isa = PBXBuildFile; fileRef = 3A9AC0791DEEB59500793801 /* Charts.framework */; settings = {ATTRIBUTES = (CodeSignOnCopy, RemoveHeadersOnCopy, ); }; };
		3A9AC0841DEEB72200793801 /* ReportDetailViewController.swift in Sources */ = {isa = PBXBuildFile; fileRef = 3A9AC0831DEEB72200793801 /* ReportDetailViewController.swift */; };
		3AA5FB2C1DF7226200B6EBCE /* CarbonKit.framework in Frameworks */ = {isa = PBXBuildFile; fileRef = 3AA5FB271DF7222300B6EBCE /* CarbonKit.framework */; };
		3AA5FB2D1DF7226200B6EBCE /* CarbonKit.framework in Embed Frameworks */ = {isa = PBXBuildFile; fileRef = 3AA5FB271DF7222300B6EBCE /* CarbonKit.framework */; settings = {ATTRIBUTES = (CodeSignOnCopy, RemoveHeadersOnCopy, ); }; };
		3AA8508E1DDAC1B60035F3FE /* WelcomeViewController.swift in Sources */ = {isa = PBXBuildFile; fileRef = 3AA8508D1DDAC1B60035F3FE /* WelcomeViewController.swift */; };
		3AA850921DDBE5E50035F3FE /* SyncUser.swift in Sources */ = {isa = PBXBuildFile; fileRef = 3AA850911DDBE5E50035F3FE /* SyncUser.swift */; };
		3AA8509A1DDBFA9C0035F3FE /* Kingfisher.framework in Frameworks */ = {isa = PBXBuildFile; fileRef = 3AA850991DDBFA9C0035F3FE /* Kingfisher.framework */; };
		3AA8509B1DDBFA9C0035F3FE /* Kingfisher.framework in Embed Frameworks */ = {isa = PBXBuildFile; fileRef = 3AA850991DDBFA9C0035F3FE /* Kingfisher.framework */; settings = {ATTRIBUTES = (CodeSignOnCopy, RemoveHeadersOnCopy, ); }; };
/* End PBXBuildFile section */

/* Begin PBXContainerItemProxy section */
		3A9248D71DD7A6AD004BBA99 /* PBXContainerItemProxy */ = {
			isa = PBXContainerItemProxy;
			containerPortal = 3A9248BA1DD7A6AD004BBA99 /* Project object */;
			proxyType = 1;
			remoteGlobalIDString = 3A9248C11DD7A6AD004BBA99;
			remoteInfo = Extr;
		};
		3A9248E21DD7A6AD004BBA99 /* PBXContainerItemProxy */ = {
			isa = PBXContainerItemProxy;
			containerPortal = 3A9248BA1DD7A6AD004BBA99 /* Project object */;
			proxyType = 1;
			remoteGlobalIDString = 3A9248C11DD7A6AD004BBA99;
			remoteInfo = Extr;
		};
		3A9AC0781DEEB59500793801 /* PBXContainerItemProxy */ = {
			isa = PBXContainerItemProxy;
			containerPortal = 3A9AC0721DEEB59500793801 /* Charts.xcodeproj */;
			proxyType = 2;
			remoteGlobalIDString = 06165F241D8110E600722320;
			remoteInfo = Charts;
		};
		3A9AC07A1DEEB59500793801 /* PBXContainerItemProxy */ = {
			isa = PBXContainerItemProxy;
			containerPortal = 3A9AC0721DEEB59500793801 /* Charts.xcodeproj */;
			proxyType = 2;
			remoteGlobalIDString = 06B120D51D811E6200D14B02;
			remoteInfo = ChartsRealm;
		};
		3A9AC07C1DEEB59500793801 /* PBXContainerItemProxy */ = {
			isa = PBXContainerItemProxy;
			containerPortal = 3A9AC0721DEEB59500793801 /* Charts.xcodeproj */;
			proxyType = 2;
			remoteGlobalIDString = 06165F2E1D8110E600722320;
			remoteInfo = ChartsTests;
		};
		3A9AC07E1DEEB63C00793801 /* PBXContainerItemProxy */ = {
			isa = PBXContainerItemProxy;
			containerPortal = 3A9AC0721DEEB59500793801 /* Charts.xcodeproj */;
			proxyType = 1;
			remoteGlobalIDString = 06165F231D8110E600722320;
			remoteInfo = Charts;
		};
		3AA5FB261DF7222300B6EBCE /* PBXContainerItemProxy */ = {
			isa = PBXContainerItemProxy;
			containerPortal = 3AA5FB211DF7222300B6EBCE /* CarbonKit.xcodeproj */;
			proxyType = 2;
			remoteGlobalIDString = 3AF0E4181CE3BF3B00587D9B;
			remoteInfo = CarbonKit;
		};
		3AA5FB281DF7222300B6EBCE /* PBXContainerItemProxy */ = {
			isa = PBXContainerItemProxy;
			containerPortal = 3AA5FB211DF7222300B6EBCE /* CarbonKit.xcodeproj */;
			proxyType = 2;
			remoteGlobalIDString = 3AF0E4221CE3BF3B00587D9B;
			remoteInfo = CarbonKitTests;
		};
		3AA5FB2E1DF7226200B6EBCE /* PBXContainerItemProxy */ = {
			isa = PBXContainerItemProxy;
			containerPortal = 3AA5FB211DF7222300B6EBCE /* CarbonKit.xcodeproj */;
			proxyType = 1;
			remoteGlobalIDString = 3AF0E4171CE3BF3B00587D9B;
			remoteInfo = CarbonKit;
		};
/* End PBXContainerItemProxy section */

/* Begin PBXCopyFilesBuildPhase section */
		3A9248FF1DD7AA8A004BBA99 /* Embed Frameworks */ = {
			isa = PBXCopyFilesBuildPhase;
			buildActionMask = 2147483647;
			dstPath = "";
			dstSubfolderSpec = 10;
			files = (
				3AA5FB2D1DF7226200B6EBCE /* CarbonKit.framework in Embed Frameworks */,
				3A9248FC1DD7AA89004BBA99 /* Realm.framework in Embed Frameworks */,
				3A9248FA1DD7AA89004BBA99 /* Alamofire.framework in Embed Frameworks */,
				3AA8509B1DDBFA9C0035F3FE /* Kingfisher.framework in Embed Frameworks */,
				3A9248FE1DD7AA89004BBA99 /* RealmSwift.framework in Embed Frameworks */,
			);
			name = "Embed Frameworks";
			runOnlyForDeploymentPostprocessing = 0;
		};
		3A9AC0811DEEB6C200793801 /* CopyFiles */ = {
			isa = PBXCopyFilesBuildPhase;
			buildActionMask = 2147483647;
			dstPath = "";
			dstSubfolderSpec = 10;
			files = (
				3A9AC0821DEEB6D900793801 /* Charts.framework in CopyFiles */,
			);
			runOnlyForDeploymentPostprocessing = 0;
		};
/* End PBXCopyFilesBuildPhase section */

/* Begin PBXFileReference section */
		29092AC91DF7546F00B3985B /* ReportPagerListViewController.swift */ = {isa = PBXFileReference; fileEncoding = 4; lastKnownFileType = sourcecode.swift; path = ReportPagerListViewController.swift; sourceTree = "<group>"; };
		29092ACE1DF7551C00B3985B /* ReportPagerCell.swift */ = {isa = PBXFileReference; fileEncoding = 4; lastKnownFileType = sourcecode.swift; path = ReportPagerCell.swift; sourceTree = "<group>"; };
		29092ACF1DF7551C00B3985B /* ReportPagerCell.xib */ = {isa = PBXFileReference; fileEncoding = 4; lastKnownFileType = file.xib; path = ReportPagerCell.xib; sourceTree = "<group>"; };
		29124DE51DF51DC4002F00A9 /* MemberListViewController.swift */ = {isa = PBXFileReference; fileEncoding = 4; lastKnownFileType = sourcecode.swift; path = MemberListViewController.swift; sourceTree = "<group>"; };
		29124DEA1DF51F9F002F00A9 /* MemberListSectionHeader.swift */ = {isa = PBXFileReference; fileEncoding = 4; lastKnownFileType = sourcecode.swift; path = MemberListSectionHeader.swift; sourceTree = "<group>"; };
		29124DEB1DF51F9F002F00A9 /* MemberListSectionHeader.xib */ = {isa = PBXFileReference; fileEncoding = 4; lastKnownFileType = file.xib; path = MemberListSectionHeader.xib; sourceTree = "<group>"; };
		29124DEE1DF52F30002F00A9 /* HeaderInfo.swift */ = {isa = PBXFileReference; fileEncoding = 4; lastKnownFileType = sourcecode.swift; path = HeaderInfo.swift; sourceTree = "<group>"; };
		2955F0191DE0E1F300780597 /* SyncGroup.swift */ = {isa = PBXFileReference; fileEncoding = 4; lastKnownFileType = sourcecode.swift; path = SyncGroup.swift; sourceTree = "<group>"; };
		2955F01B1DE106E500780597 /* SyncMember.swift */ = {isa = PBXFileReference; fileEncoding = 4; lastKnownFileType = sourcecode.swift; path = SyncMember.swift; sourceTree = "<group>"; };
		2955F01D1DE115B800780597 /* SyncCategory.swift */ = {isa = PBXFileReference; fileEncoding = 4; lastKnownFileType = sourcecode.swift; path = SyncCategory.swift; sourceTree = "<group>"; };
		29580B3E1DE1639500D58BE1 /* SettingsViewController.swift */ = {isa = PBXFileReference; fileEncoding = 4; lastKnownFileType = sourcecode.swift; path = SettingsViewController.swift; sourceTree = "<group>"; };
		29585D8E1DF7982400D3F4DC /* CategoryReportRankCell.swift */ = {isa = PBXFileReference; fileEncoding = 4; lastKnownFileType = sourcecode.swift; path = CategoryReportRankCell.swift; sourceTree = "<group>"; };
		29585D8F1DF7982400D3F4DC /* CategoryReportRankCell.xib */ = {isa = PBXFileReference; fileEncoding = 4; lastKnownFileType = file.xib; path = CategoryReportRankCell.xib; sourceTree = "<group>"; };
		29585D991DF7BB8D00D3F4DC /* ReportDetailPagerViewController.swift */ = {isa = PBXFileReference; fileEncoding = 4; lastKnownFileType = sourcecode.swift; path = ReportDetailPagerViewController.swift; sourceTree = "<group>"; };
		2971CB511DE6C1800027D9C9 /* EColor.swift */ = {isa = PBXFileReference; fileEncoding = 4; lastKnownFileType = sourcecode.swift; path = EColor.swift; sourceTree = "<group>"; };
		2971CB531DE6C1AD0027D9C9 /* EIcon.swift */ = {isa = PBXFileReference; fileEncoding = 4; lastKnownFileType = sourcecode.swift; path = EIcon.swift; sourceTree = "<group>"; };
		2971CB551DE6C4AA0027D9C9 /* CategoryCell.swift */ = {isa = PBXFileReference; fileEncoding = 4; lastKnownFileType = sourcecode.swift; path = CategoryCell.swift; sourceTree = "<group>"; };
		2971CB561DE6C4AA0027D9C9 /* CategoryCell.xib */ = {isa = PBXFileReference; fileEncoding = 4; lastKnownFileType = file.xib; path = CategoryCell.xib; sourceTree = "<group>"; };
		2974D90A1DDD57F6009AD3E3 /* GroupViewController.swift */ = {isa = PBXFileReference; fileEncoding = 4; lastKnownFileType = sourcecode.swift; path = GroupViewController.swift; sourceTree = "<group>"; };
		2974D90C1DDD5C1A009AD3E3 /* GroupCell.swift */ = {isa = PBXFileReference; fileEncoding = 4; lastKnownFileType = sourcecode.swift; path = GroupCell.swift; sourceTree = "<group>"; };
		2974D90D1DDD5C1A009AD3E3 /* GroupCell.xib */ = {isa = PBXFileReference; fileEncoding = 4; lastKnownFileType = file.xib; path = GroupCell.xib; sourceTree = "<group>"; };
		2974D9141DDD7E57009AD3E3 /* GroupDetailViewController.swift */ = {isa = PBXFileReference; fileEncoding = 4; lastKnownFileType = sourcecode.swift; path = GroupDetailViewController.swift; sourceTree = "<group>"; };
		298D58431DD8E40000263258 /* RMember.swift */ = {isa = PBXFileReference; fileEncoding = 4; lastKnownFileType = sourcecode.swift; path = RMember.swift; sourceTree = "<group>"; };
		298D58451DD8F4CC00263258 /* RUser.swift */ = {isa = PBXFileReference; fileEncoding = 4; lastKnownFileType = sourcecode.swift; path = RUser.swift; sourceTree = "<group>"; };
		298D58471DD9049600263258 /* RCategory.swift */ = {isa = PBXFileReference; fileEncoding = 4; lastKnownFileType = sourcecode.swift; path = RCategory.swift; sourceTree = "<group>"; };
		298D58491DD910A600263258 /* RGroup.swift */ = {isa = PBXFileReference; fileEncoding = 4; lastKnownFileType = sourcecode.swift; path = RGroup.swift; sourceTree = "<group>"; };
		29AE9AF31DEBFB9C002E65E9 /* CategoryViewController.swift */ = {isa = PBXFileReference; fileEncoding = 4; lastKnownFileType = sourcecode.swift; path = CategoryViewController.swift; sourceTree = "<group>"; };
		29AF29871DED4BD300E03DBB /* MemberCell.swift */ = {isa = PBXFileReference; fileEncoding = 4; lastKnownFileType = sourcecode.swift; path = MemberCell.swift; sourceTree = "<group>"; };
		29AF29881DED4BD300E03DBB /* MemberCell.xib */ = {isa = PBXFileReference; fileEncoding = 4; lastKnownFileType = file.xib; path = MemberCell.xib; sourceTree = "<group>"; };
		29AF298B1DED4DEF00E03DBB /* MemberFilterViewController.swift */ = {isa = PBXFileReference; fileEncoding = 4; lastKnownFileType = sourcecode.swift; path = MemberFilterViewController.swift; sourceTree = "<group>"; };
		29BE80AA1DF86C2A0012EB00 /* CategoryReportPagerCell.swift */ = {isa = PBXFileReference; fileEncoding = 4; lastKnownFileType = sourcecode.swift; path = CategoryReportPagerCell.swift; sourceTree = "<group>"; };
		29BE80AB1DF86C2A0012EB00 /* CategoryReportPagerCell.xib */ = {isa = PBXFileReference; fileEncoding = 4; lastKnownFileType = file.xib; path = CategoryReportPagerCell.xib; sourceTree = "<group>"; };
		29BE80B11DF873D10012EB00 /* TimeReportPagerCell.swift */ = {isa = PBXFileReference; fileEncoding = 4; lastKnownFileType = sourcecode.swift; path = TimeReportPagerCell.swift; sourceTree = "<group>"; };
		29BE80B21DF873D10012EB00 /* TimeReportPagerCell.xib */ = {isa = PBXFileReference; fileEncoding = 4; lastKnownFileType = file.xib; path = TimeReportPagerCell.xib; sourceTree = "<group>"; };
		29BE80B51DF896820012EB00 /* ReportExpenseViewController.swift */ = {isa = PBXFileReference; fileEncoding = 4; lastKnownFileType = sourcecode.swift; path = ReportExpenseViewController.swift; sourceTree = "<group>"; };
		29C217431DE2A27D00ACDF9B /* LoginViewController.swift */ = {isa = PBXFileReference; fileEncoding = 4; lastKnownFileType = sourcecode.swift; path = LoginViewController.swift; sourceTree = "<group>"; };
		29C217461DE2C39400ACDF9B /* OverviewViewController.swift */ = {isa = PBXFileReference; fileEncoding = 4; lastKnownFileType = sourcecode.swift; path = OverviewViewController.swift; sourceTree = "<group>"; };
		29C873C61DEE0870000F67C5 /* CategoryFilterViewController.swift */ = {isa = PBXFileReference; fileEncoding = 4; lastKnownFileType = sourcecode.swift; path = CategoryFilterViewController.swift; sourceTree = "<group>"; };
		29C873C81DEE14BE000F67C5 /* CategoryFilterCell.swift */ = {isa = PBXFileReference; fileEncoding = 4; lastKnownFileType = sourcecode.swift; path = CategoryFilterCell.swift; sourceTree = "<group>"; };
		29C873C91DEE14BE000F67C5 /* CategoryFilterCell.xib */ = {isa = PBXFileReference; fileEncoding = 4; lastKnownFileType = file.xib; path = CategoryFilterCell.xib; sourceTree = "<group>"; };
		29C873D41DEE74B6000F67C5 /* DateFilterView.swift */ = {isa = PBXFileReference; fileEncoding = 4; lastKnownFileType = sourcecode.swift; path = DateFilterView.swift; sourceTree = "<group>"; };
		29C873D61DEE74D2000F67C5 /* DateFilterView.xib */ = {isa = PBXFileReference; fileEncoding = 4; lastKnownFileType = file.xib; path = DateFilterView.xib; sourceTree = "<group>"; };
		29EE3DF81DDBFB6200EB695C /* MenuCell.swift */ = {isa = PBXFileReference; fileEncoding = 4; lastKnownFileType = sourcecode.swift; path = MenuCell.swift; sourceTree = "<group>"; };
		29EE3DF91DDBFB6200EB695C /* MenuCell.xib */ = {isa = PBXFileReference; fileEncoding = 4; lastKnownFileType = file.xib; path = MenuCell.xib; sourceTree = "<group>"; };
		29EE3DFC1DDBFF8C00EB695C /* MenuItem.swift */ = {isa = PBXFileReference; fileEncoding = 4; lastKnownFileType = sourcecode.swift; path = MenuItem.swift; sourceTree = "<group>"; };
		29EE3DFE1DDC010100EB695C /* MenuViewController.swift */ = {isa = PBXFileReference; fileEncoding = 4; lastKnownFileType = sourcecode.swift; path = MenuViewController.swift; sourceTree = "<group>"; };
		29EEB3461DDABEFC00503DA2 /* HamburgerViewController.swift */ = {isa = PBXFileReference; fileEncoding = 4; lastKnownFileType = sourcecode.swift; path = HamburgerViewController.swift; sourceTree = "<group>"; };
		29F485201DF65A470069D78D /* AppConstants.swift */ = {isa = PBXFileReference; fileEncoding = 4; lastKnownFileType = sourcecode.swift; path = AppConstants.swift; sourceTree = "<group>"; };
		29F485271DF69CCA0069D78D /* ReportViewController.swift */ = {isa = PBXFileReference; fileEncoding = 4; lastKnownFileType = sourcecode.swift; path = ReportViewController.swift; sourceTree = "<group>"; };
		29F4852A1DF6A50D0069D78D /* NotificationViewController.swift */ = {isa = PBXFileReference; fileEncoding = 4; lastKnownFileType = sourcecode.swift; path = NotificationViewController.swift; sourceTree = "<group>"; };
		29FE43321DE395A200938610 /* Helpers.swift */ = {isa = PBXFileReference; fileEncoding = 4; lastKnownFileType = sourcecode.swift; path = Helpers.swift; sourceTree = "<group>"; };
		3A4B908F1DD7C68700E23742 /* ExpenseViewController.swift */ = {isa = PBXFileReference; fileEncoding = 4; lastKnownFileType = sourcecode.swift; path = ExpenseViewController.swift; sourceTree = "<group>"; };
		3A4B90921DD7C77F00E23742 /* ExpenseCell.swift */ = {isa = PBXFileReference; fileEncoding = 4; lastKnownFileType = sourcecode.swift; path = ExpenseCell.swift; sourceTree = "<group>"; };
		3A4B90931DD7C77F00E23742 /* ExpenseCell.xib */ = {isa = PBXFileReference; fileEncoding = 4; lastKnownFileType = file.xib; path = ExpenseCell.xib; sourceTree = "<group>"; };
		3A64E5721DEABD7400539BC1 /* CreateButton.swift */ = {isa = PBXFileReference; fileEncoding = 4; lastKnownFileType = sourcecode.swift; path = CreateButton.swift; sourceTree = "<group>"; };
		3A64E5741DEBA5C500539BC1 /* CreateExpenseViewController.swift */ = {isa = PBXFileReference; fileEncoding = 4; lastKnownFileType = sourcecode.swift; path = CreateExpenseViewController.swift; sourceTree = "<group>"; };
		3A84D6261DEE2FCE00C33BA4 /* SyncPhoto.swift */ = {isa = PBXFileReference; fileEncoding = 4; lastKnownFileType = sourcecode.swift; path = SyncPhoto.swift; sourceTree = "<group>"; };
		3A84D62D1DEE746300C33BA4 /* PointerType.swift */ = {isa = PBXFileReference; fileEncoding = 4; lastKnownFileType = sourcecode.swift; path = PointerType.swift; sourceTree = "<group>"; };
		3A9248C21DD7A6AD004BBA99 /* Extr.app */ = {isa = PBXFileReference; explicitFileType = wrapper.application; includeInIndex = 0; path = Extr.app; sourceTree = BUILT_PRODUCTS_DIR; };
		3A9248C51DD7A6AD004BBA99 /* AppDelegate.swift */ = {isa = PBXFileReference; lastKnownFileType = sourcecode.swift; path = AppDelegate.swift; sourceTree = "<group>"; };
		3A9248CA1DD7A6AD004BBA99 /* Base */ = {isa = PBXFileReference; lastKnownFileType = file.storyboard; name = Base; path = Base.lproj/Main.storyboard; sourceTree = "<group>"; };
		3A9248CC1DD7A6AD004BBA99 /* Assets.xcassets */ = {isa = PBXFileReference; lastKnownFileType = folder.assetcatalog; path = Assets.xcassets; sourceTree = "<group>"; };
		3A9248CF1DD7A6AD004BBA99 /* Base */ = {isa = PBXFileReference; lastKnownFileType = file.storyboard; name = Base; path = Base.lproj/LaunchScreen.storyboard; sourceTree = "<group>"; };
		3A9248D11DD7A6AD004BBA99 /* Info.plist */ = {isa = PBXFileReference; lastKnownFileType = text.plist.xml; path = Info.plist; sourceTree = "<group>"; };
		3A9248D61DD7A6AD004BBA99 /* ExtrTests.xctest */ = {isa = PBXFileReference; explicitFileType = wrapper.cfbundle; includeInIndex = 0; path = ExtrTests.xctest; sourceTree = BUILT_PRODUCTS_DIR; };
		3A9248DA1DD7A6AD004BBA99 /* ExtrTests.swift */ = {isa = PBXFileReference; lastKnownFileType = sourcecode.swift; path = ExtrTests.swift; sourceTree = "<group>"; };
		3A9248DC1DD7A6AD004BBA99 /* Info.plist */ = {isa = PBXFileReference; lastKnownFileType = text.plist.xml; path = Info.plist; sourceTree = "<group>"; };
		3A9248E11DD7A6AD004BBA99 /* ExtrUITests.xctest */ = {isa = PBXFileReference; explicitFileType = wrapper.cfbundle; includeInIndex = 0; path = ExtrUITests.xctest; sourceTree = BUILT_PRODUCTS_DIR; };
		3A9248E51DD7A6AD004BBA99 /* ExtrUITests.swift */ = {isa = PBXFileReference; lastKnownFileType = sourcecode.swift; path = ExtrUITests.swift; sourceTree = "<group>"; };
		3A9248E71DD7A6AD004BBA99 /* Info.plist */ = {isa = PBXFileReference; lastKnownFileType = text.plist.xml; path = Info.plist; sourceTree = "<group>"; };
		3A9248F31DD7AA7B004BBA99 /* Alamofire.framework */ = {isa = PBXFileReference; lastKnownFileType = wrapper.framework; name = Alamofire.framework; path = Carthage/Build/iOS/Alamofire.framework; sourceTree = "<group>"; };
		3A9248F41DD7AA7B004BBA99 /* Realm.framework */ = {isa = PBXFileReference; lastKnownFileType = wrapper.framework; name = Realm.framework; path = Carthage/Build/iOS/Realm.framework; sourceTree = "<group>"; };
		3A9248F51DD7AA7B004BBA99 /* RealmSwift.framework */ = {isa = PBXFileReference; lastKnownFileType = wrapper.framework; name = RealmSwift.framework; path = Carthage/Build/iOS/RealmSwift.framework; sourceTree = "<group>"; };
		3A9249021DD7AAF8004BBA99 /* Secrets.swift */ = {isa = PBXFileReference; fileEncoding = 4; lastKnownFileType = sourcecode.swift; path = Secrets.swift; sourceTree = "<group>"; };
		3A9249041DD7AB1A004BBA99 /* Endpoint.swift */ = {isa = PBXFileReference; fileEncoding = 4; lastKnownFileType = sourcecode.swift; path = Endpoint.swift; sourceTree = "<group>"; };
		3A9249061DD7AB3F004BBA99 /* EndpointBuilder.swift */ = {isa = PBXFileReference; fileEncoding = 4; lastKnownFileType = sourcecode.swift; path = EndpointBuilder.swift; sourceTree = "<group>"; };
		3A9249081DD7AB5A004BBA99 /* NetworkRequest.swift */ = {isa = PBXFileReference; fileEncoding = 4; lastKnownFileType = sourcecode.swift; path = NetworkRequest.swift; sourceTree = "<group>"; };
		3A92490A1DD7AB73004BBA99 /* SyncExpense.swift */ = {isa = PBXFileReference; fileEncoding = 4; lastKnownFileType = sourcecode.swift; path = SyncExpense.swift; sourceTree = "<group>"; };
		3A92490C1DD7ABB3004BBA99 /* AppError.swift */ = {isa = PBXFileReference; fileEncoding = 4; lastKnownFileType = sourcecode.swift; path = AppError.swift; sourceTree = "<group>"; };
		3A9249101DD7AC00004BBA99 /* RExpense.swift */ = {isa = PBXFileReference; fileEncoding = 4; lastKnownFileType = sourcecode.swift; path = RExpense.swift; sourceTree = "<group>"; };
		3A9AC0721DEEB59500793801 /* Charts.xcodeproj */ = {isa = PBXFileReference; lastKnownFileType = "wrapper.pb-project"; name = Charts.xcodeproj; path = Charts/Charts.xcodeproj; sourceTree = SOURCE_ROOT; };
		3A9AC0831DEEB72200793801 /* ReportDetailViewController.swift */ = {isa = PBXFileReference; fileEncoding = 4; lastKnownFileType = sourcecode.swift; path = ReportDetailViewController.swift; sourceTree = "<group>"; };
		3AA5FB211DF7222300B6EBCE /* CarbonKit.xcodeproj */ = {isa = PBXFileReference; lastKnownFileType = "wrapper.pb-project"; name = CarbonKit.xcodeproj; path = CarbonKit/CarbonKit.xcodeproj; sourceTree = "<group>"; };
		3AA8508D1DDAC1B60035F3FE /* WelcomeViewController.swift */ = {isa = PBXFileReference; fileEncoding = 4; lastKnownFileType = sourcecode.swift; path = WelcomeViewController.swift; sourceTree = "<group>"; };
		3AA850911DDBE5E50035F3FE /* SyncUser.swift */ = {isa = PBXFileReference; fileEncoding = 4; lastKnownFileType = sourcecode.swift; path = SyncUser.swift; sourceTree = "<group>"; };
		3AA850991DDBFA9C0035F3FE /* Kingfisher.framework */ = {isa = PBXFileReference; lastKnownFileType = wrapper.framework; name = Kingfisher.framework; path = Carthage/Build/iOS/Kingfisher.framework; sourceTree = "<group>"; };
/* End PBXFileReference section */

/* Begin PBXFrameworksBuildPhase section */
		3A9248BF1DD7A6AD004BBA99 /* Frameworks */ = {
			isa = PBXFrameworksBuildPhase;
			buildActionMask = 2147483647;
			files = (
				3AA5FB2C1DF7226200B6EBCE /* CarbonKit.framework in Frameworks */,
				3A9248FB1DD7AA89004BBA99 /* Realm.framework in Frameworks */,
				3A9248F91DD7AA89004BBA99 /* Alamofire.framework in Frameworks */,
				3AA8509A1DDBFA9C0035F3FE /* Kingfisher.framework in Frameworks */,
				3A9248FD1DD7AA89004BBA99 /* RealmSwift.framework in Frameworks */,
			);
			runOnlyForDeploymentPostprocessing = 0;
		};
		3A9248D31DD7A6AD004BBA99 /* Frameworks */ = {
			isa = PBXFrameworksBuildPhase;
			buildActionMask = 2147483647;
			files = (
			);
			runOnlyForDeploymentPostprocessing = 0;
		};
		3A9248DE1DD7A6AD004BBA99 /* Frameworks */ = {
			isa = PBXFrameworksBuildPhase;
			buildActionMask = 2147483647;
			files = (
			);
			runOnlyForDeploymentPostprocessing = 0;
		};
/* End PBXFrameworksBuildPhase section */

/* Begin PBXGroup section */
		29580B3D1DE1637200D58BE1 /* Settings */ = {
			isa = PBXGroup;
			children = (
				29580B3E1DE1639500D58BE1 /* SettingsViewController.swift */,
			);
			name = Settings;
			sourceTree = "<group>";
		};
		2971CB501DE6C1690027D9C9 /* Enums */ = {
			isa = PBXGroup;
			children = (
				2971CB511DE6C1800027D9C9 /* EColor.swift */,
				2971CB531DE6C1AD0027D9C9 /* EIcon.swift */,
				3A84D62D1DEE746300C33BA4 /* PointerType.swift */,
			);
			name = Enums;
			sourceTree = "<group>";
		};
		2974D9131DDD7E48009AD3E3 /* Group */ = {
			isa = PBXGroup;
			children = (
				2974D9141DDD7E57009AD3E3 /* GroupDetailViewController.swift */,
				29124DE51DF51DC4002F00A9 /* MemberListViewController.swift */,
			);
			name = Group;
			sourceTree = "<group>";
		};
		29AE9AF21DEBFB4C002E65E9 /* Category */ = {
			isa = PBXGroup;
			children = (
				29AE9AF31DEBFB9C002E65E9 /* CategoryViewController.swift */,
			);
			name = Category;
			sourceTree = "<group>";
		};
		29C217451DE2C33D00ACDF9B /* Overview */ = {
			isa = PBXGroup;
			children = (
				29C217461DE2C39400ACDF9B /* OverviewViewController.swift */,
			);
			name = Overview;
			sourceTree = "<group>";
		};
		29F485261DF69C910069D78D /* Report */ = {
			isa = PBXGroup;
			children = (
				29F485271DF69CCA0069D78D /* ReportViewController.swift */,
				29092AC91DF7546F00B3985B /* ReportPagerListViewController.swift */,
				3A9AC0831DEEB72200793801 /* ReportDetailViewController.swift */,
				29585D991DF7BB8D00D3F4DC /* ReportDetailPagerViewController.swift */,
				29BE80B51DF896820012EB00 /* ReportExpenseViewController.swift */,
			);
			name = Report;
			sourceTree = "<group>";
		};
		29F485291DF6A4E20069D78D /* Notification */ = {
			isa = PBXGroup;
			children = (
				29F4852A1DF6A50D0069D78D /* NotificationViewController.swift */,
			);
			name = Notification;
			sourceTree = "<group>";
		};
		29FE43311DE3957100938610 /* Helpers */ = {
			isa = PBXGroup;
			children = (
				29FE43321DE395A200938610 /* Helpers.swift */,
			);
			name = Helpers;
			sourceTree = "<group>";
		};
		3A4B90911DD7C74900E23742 /* Views */ = {
			isa = PBXGroup;
			children = (
				3A4B90921DD7C77F00E23742 /* ExpenseCell.swift */,
				3A4B90931DD7C77F00E23742 /* ExpenseCell.xib */,
				2974D90C1DDD5C1A009AD3E3 /* GroupCell.swift */,
				29092ACE1DF7551C00B3985B /* ReportPagerCell.swift */,
				29092ACF1DF7551C00B3985B /* ReportPagerCell.xib */,
				29585D8E1DF7982400D3F4DC /* CategoryReportRankCell.swift */,
				29585D8F1DF7982400D3F4DC /* CategoryReportRankCell.xib */,
				29BE80AA1DF86C2A0012EB00 /* CategoryReportPagerCell.swift */,
				29BE80AB1DF86C2A0012EB00 /* CategoryReportPagerCell.xib */,
				29BE80B11DF873D10012EB00 /* TimeReportPagerCell.swift */,
				29BE80B21DF873D10012EB00 /* TimeReportPagerCell.xib */,
				2974D90D1DDD5C1A009AD3E3 /* GroupCell.xib */,
				29EE3DF81DDBFB6200EB695C /* MenuCell.swift */,
				29EE3DF91DDBFB6200EB695C /* MenuCell.xib */,
				3A64E5721DEABD7400539BC1 /* CreateButton.swift */,
				2971CB551DE6C4AA0027D9C9 /* CategoryCell.swift */,
				29C873D41DEE74B6000F67C5 /* DateFilterView.swift */,
				29C873D61DEE74D2000F67C5 /* DateFilterView.xib */,
				2971CB561DE6C4AA0027D9C9 /* CategoryCell.xib */,
				29AF29871DED4BD300E03DBB /* MemberCell.swift */,
				29AF29881DED4BD300E03DBB /* MemberCell.xib */,
				29C873C81DEE14BE000F67C5 /* CategoryFilterCell.swift */,
				29C873C91DEE14BE000F67C5 /* CategoryFilterCell.xib */,
				29124DEA1DF51F9F002F00A9 /* MemberListSectionHeader.swift */,
				29124DEB1DF51F9F002F00A9 /* MemberListSectionHeader.xib */,
			);
			name = Views;
			sourceTree = "<group>";
		};
		3A9248B91DD7A6AD004BBA99 = {
			isa = PBXGroup;
			children = (
				3A9248C41DD7A6AD004BBA99 /* Extr */,
				3A92490F1DD7ABE0004BBA99 /* Support Files */,
				3A9249001DD7AACA004BBA99 /* Frameworks */,
				3A9248D91DD7A6AD004BBA99 /* ExtrTests */,
				3A9248E41DD7A6AD004BBA99 /* ExtrUITests */,
				3A9248C31DD7A6AD004BBA99 /* Products */,
			);
			sourceTree = "<group>";
		};
		3A9248C31DD7A6AD004BBA99 /* Products */ = {
			isa = PBXGroup;
			children = (
				3A9248C21DD7A6AD004BBA99 /* Extr.app */,
				3A9248D61DD7A6AD004BBA99 /* ExtrTests.xctest */,
				3A9248E11DD7A6AD004BBA99 /* ExtrUITests.xctest */,
			);
			name = Products;
			sourceTree = "<group>";
		};
		3A9248C41DD7A6AD004BBA99 /* Extr */ = {
			isa = PBXGroup;
			children = (
				29F485291DF6A4E20069D78D /* Notification */,
				29F485261DF69C910069D78D /* Report */,
				29AE9AF21DEBFB4C002E65E9 /* Category */,
				29FE43311DE3957100938610 /* Helpers */,
				29C217451DE2C33D00ACDF9B /* Overview */,
				29580B3D1DE1637200D58BE1 /* Settings */,
				2974D9131DDD7E48009AD3E3 /* Group */,
				3A9249121DD7ACF2004BBA99 /* Models */,
				3A4B90911DD7C74900E23742 /* Views */,
				3A9249011DD7AADE004BBA99 /* Expense */,
				3AA8508C1DDAC1970035F3FE /* Welcome */,
				3A92490E1DD7ABCB004BBA99 /* Services */,
				3A9248C51DD7A6AD004BBA99 /* AppDelegate.swift */,
				3A9248C91DD7A6AD004BBA99 /* Main.storyboard */,
				29F485201DF65A470069D78D /* AppConstants.swift */,
				29EEB3461DDABEFC00503DA2 /* HamburgerViewController.swift */,
				3A9248CC1DD7A6AD004BBA99 /* Assets.xcassets */,
				3A9248CE1DD7A6AD004BBA99 /* LaunchScreen.storyboard */,
				29EE3DFE1DDC010100EB695C /* MenuViewController.swift */,
				2974D90A1DDD57F6009AD3E3 /* GroupViewController.swift */,
			);
			path = Extr;
			sourceTree = "<group>";
		};
		3A9248D91DD7A6AD004BBA99 /* ExtrTests */ = {
			isa = PBXGroup;
			children = (
				3A9248DA1DD7A6AD004BBA99 /* ExtrTests.swift */,
				3A9248DC1DD7A6AD004BBA99 /* Info.plist */,
			);
			path = ExtrTests;
			sourceTree = "<group>";
		};
		3A9248E41DD7A6AD004BBA99 /* ExtrUITests */ = {
			isa = PBXGroup;
			children = (
				3A9248E51DD7A6AD004BBA99 /* ExtrUITests.swift */,
				3A9248E71DD7A6AD004BBA99 /* Info.plist */,
			);
			path = ExtrUITests;
			sourceTree = "<group>";
		};
		3A9249001DD7AACA004BBA99 /* Frameworks */ = {
			isa = PBXGroup;
			children = (
				3AA5FB211DF7222300B6EBCE /* CarbonKit.xcodeproj */,
				3A9AC0721DEEB59500793801 /* Charts.xcodeproj */,
				3A9248F31DD7AA7B004BBA99 /* Alamofire.framework */,
				3AA850991DDBFA9C0035F3FE /* Kingfisher.framework */,
				3A9248F41DD7AA7B004BBA99 /* Realm.framework */,
				3A9248F51DD7AA7B004BBA99 /* RealmSwift.framework */,
			);
			name = Frameworks;
			sourceTree = "<group>";
		};
		3A9249011DD7AADE004BBA99 /* Expense */ = {
			isa = PBXGroup;
			children = (
				3A4B908F1DD7C68700E23742 /* ExpenseViewController.swift */,
				3A64E5741DEBA5C500539BC1 /* CreateExpenseViewController.swift */,
				29AF298B1DED4DEF00E03DBB /* MemberFilterViewController.swift */,
				29C873C61DEE0870000F67C5 /* CategoryFilterViewController.swift */,
			);
			name = Expense;
			sourceTree = "<group>";
		};
		3A92490E1DD7ABCB004BBA99 /* Services */ = {
			isa = PBXGroup;
			children = (
				2971CB501DE6C1690027D9C9 /* Enums */,
				3A9249041DD7AB1A004BBA99 /* Endpoint.swift */,
				3A9249061DD7AB3F004BBA99 /* EndpointBuilder.swift */,
				2955F0191DE0E1F300780597 /* SyncGroup.swift */,
				3A9249081DD7AB5A004BBA99 /* NetworkRequest.swift */,
				2955F01B1DE106E500780597 /* SyncMember.swift */,
				3A92490A1DD7AB73004BBA99 /* SyncExpense.swift */,
				2955F01D1DE115B800780597 /* SyncCategory.swift */,
				3A92490C1DD7ABB3004BBA99 /* AppError.swift */,
				3AA850911DDBE5E50035F3FE /* SyncUser.swift */,
				3A84D6261DEE2FCE00C33BA4 /* SyncPhoto.swift */,
			);
			name = Services;
			sourceTree = "<group>";
		};
		3A92490F1DD7ABE0004BBA99 /* Support Files */ = {
			isa = PBXGroup;
			children = (
				3A9248D11DD7A6AD004BBA99 /* Info.plist */,
				3A9249021DD7AAF8004BBA99 /* Secrets.swift */,
			);
			name = "Support Files";
			path = Extr;
			sourceTree = "<group>";
		};
		3A9249121DD7ACF2004BBA99 /* Models */ = {
			isa = PBXGroup;
			children = (
				3A9249101DD7AC00004BBA99 /* RExpense.swift */,
				298D58431DD8E40000263258 /* RMember.swift */,
				29124DEE1DF52F30002F00A9 /* HeaderInfo.swift */,
				298D58451DD8F4CC00263258 /* RUser.swift */,
				298D58471DD9049600263258 /* RCategory.swift */,
				298D58491DD910A600263258 /* RGroup.swift */,
				29EE3DFC1DDBFF8C00EB695C /* MenuItem.swift */,
			);
			name = Models;
			sourceTree = "<group>";
		};
		3A9AC0731DEEB59500793801 /* Products */ = {
			isa = PBXGroup;
			children = (
				3A9AC0791DEEB59500793801 /* Charts.framework */,
				3A9AC07B1DEEB59500793801 /* ChartsRealm.framework */,
				3A9AC07D1DEEB59500793801 /* ChartsTests.xctest */,
			);
			name = Products;
			sourceTree = "<group>";
		};
		3AA5FB221DF7222300B6EBCE /* Products */ = {
			isa = PBXGroup;
			children = (
				3AA5FB271DF7222300B6EBCE /* CarbonKit.framework */,
				3AA5FB291DF7222300B6EBCE /* CarbonKitTests.xctest */,
			);
			name = Products;
			sourceTree = "<group>";
		};
		3AA8508C1DDAC1970035F3FE /* Welcome */ = {
			isa = PBXGroup;
			children = (
				29C217431DE2A27D00ACDF9B /* LoginViewController.swift */,
				3AA8508D1DDAC1B60035F3FE /* WelcomeViewController.swift */,
			);
			name = Welcome;
			sourceTree = "<group>";
		};
/* End PBXGroup section */

/* Begin PBXNativeTarget section */
		3A9248C11DD7A6AD004BBA99 /* Extr */ = {
			isa = PBXNativeTarget;
			buildConfigurationList = 3A9248EA1DD7A6AD004BBA99 /* Build configuration list for PBXNativeTarget "Extr" */;
			buildPhases = (
				3A9248BE1DD7A6AD004BBA99 /* Sources */,
				3A9248BF1DD7A6AD004BBA99 /* Frameworks */,
				3A9248C01DD7A6AD004BBA99 /* Resources */,
				3A9248FF1DD7AA8A004BBA99 /* Embed Frameworks */,
				3AA850931DDBF8930035F3FE /* ShellScript */,
				3A9AC0811DEEB6C200793801 /* CopyFiles */,
			);
			buildRules = (
			);
			dependencies = (
				3A9AC07F1DEEB63C00793801 /* PBXTargetDependency */,
				3AA5FB2F1DF7226200B6EBCE /* PBXTargetDependency */,
			);
			name = Extr;
			productName = Extr;
			productReference = 3A9248C21DD7A6AD004BBA99 /* Extr.app */;
			productType = "com.apple.product-type.application";
		};
		3A9248D51DD7A6AD004BBA99 /* ExtrTests */ = {
			isa = PBXNativeTarget;
			buildConfigurationList = 3A9248ED1DD7A6AD004BBA99 /* Build configuration list for PBXNativeTarget "ExtrTests" */;
			buildPhases = (
				3A9248D21DD7A6AD004BBA99 /* Sources */,
				3A9248D31DD7A6AD004BBA99 /* Frameworks */,
				3A9248D41DD7A6AD004BBA99 /* Resources */,
			);
			buildRules = (
			);
			dependencies = (
				3A9248D81DD7A6AD004BBA99 /* PBXTargetDependency */,
			);
			name = ExtrTests;
			productName = ExtrTests;
			productReference = 3A9248D61DD7A6AD004BBA99 /* ExtrTests.xctest */;
			productType = "com.apple.product-type.bundle.unit-test";
		};
		3A9248E01DD7A6AD004BBA99 /* ExtrUITests */ = {
			isa = PBXNativeTarget;
			buildConfigurationList = 3A9248F01DD7A6AD004BBA99 /* Build configuration list for PBXNativeTarget "ExtrUITests" */;
			buildPhases = (
				3A9248DD1DD7A6AD004BBA99 /* Sources */,
				3A9248DE1DD7A6AD004BBA99 /* Frameworks */,
				3A9248DF1DD7A6AD004BBA99 /* Resources */,
			);
			buildRules = (
			);
			dependencies = (
				3A9248E31DD7A6AD004BBA99 /* PBXTargetDependency */,
			);
			name = ExtrUITests;
			productName = ExtrUITests;
			productReference = 3A9248E11DD7A6AD004BBA99 /* ExtrUITests.xctest */;
			productType = "com.apple.product-type.bundle.ui-testing";
		};
/* End PBXNativeTarget section */

/* Begin PBXProject section */
		3A9248BA1DD7A6AD004BBA99 /* Project object */ = {
			isa = PBXProject;
			attributes = {
				LastSwiftUpdateCheck = 0810;
				LastUpgradeCheck = 0810;
				ORGANIZATIONNAME = "Expense Manager";
				TargetAttributes = {
					3A9248C11DD7A6AD004BBA99 = {
						CreatedOnToolsVersion = 8.1;
						DevelopmentTeam = Z6DQ796RKP;
						ProvisioningStyle = Automatic;
					};
					3A9248D51DD7A6AD004BBA99 = {
						CreatedOnToolsVersion = 8.1;
						DevelopmentTeam = Z6DQ796RKP;
						ProvisioningStyle = Automatic;
						TestTargetID = 3A9248C11DD7A6AD004BBA99;
					};
					3A9248E01DD7A6AD004BBA99 = {
						CreatedOnToolsVersion = 8.1;
						DevelopmentTeam = Z6DQ796RKP;
						ProvisioningStyle = Automatic;
						TestTargetID = 3A9248C11DD7A6AD004BBA99;
					};
				};
			};
			buildConfigurationList = 3A9248BD1DD7A6AD004BBA99 /* Build configuration list for PBXProject "Extr" */;
			compatibilityVersion = "Xcode 3.2";
			developmentRegion = English;
			hasScannedForEncodings = 0;
			knownRegions = (
				en,
				Base,
			);
			mainGroup = 3A9248B91DD7A6AD004BBA99;
			productRefGroup = 3A9248C31DD7A6AD004BBA99 /* Products */;
			projectDirPath = "";
			projectReferences = (
				{
					ProductGroup = 3AA5FB221DF7222300B6EBCE /* Products */;
					ProjectRef = 3AA5FB211DF7222300B6EBCE /* CarbonKit.xcodeproj */;
				},
				{
					ProductGroup = 3A9AC0731DEEB59500793801 /* Products */;
					ProjectRef = 3A9AC0721DEEB59500793801 /* Charts.xcodeproj */;
				},
			);
			projectRoot = "";
			targets = (
				3A9248C11DD7A6AD004BBA99 /* Extr */,
				3A9248D51DD7A6AD004BBA99 /* ExtrTests */,
				3A9248E01DD7A6AD004BBA99 /* ExtrUITests */,
			);
		};
/* End PBXProject section */

/* Begin PBXReferenceProxy section */
		3A9AC0791DEEB59500793801 /* Charts.framework */ = {
			isa = PBXReferenceProxy;
			fileType = wrapper.framework;
			path = Charts.framework;
			remoteRef = 3A9AC0781DEEB59500793801 /* PBXContainerItemProxy */;
			sourceTree = BUILT_PRODUCTS_DIR;
		};
		3A9AC07B1DEEB59500793801 /* ChartsRealm.framework */ = {
			isa = PBXReferenceProxy;
			fileType = wrapper.framework;
			path = ChartsRealm.framework;
			remoteRef = 3A9AC07A1DEEB59500793801 /* PBXContainerItemProxy */;
			sourceTree = BUILT_PRODUCTS_DIR;
		};
		3A9AC07D1DEEB59500793801 /* ChartsTests.xctest */ = {
			isa = PBXReferenceProxy;
			fileType = wrapper.cfbundle;
			path = ChartsTests.xctest;
			remoteRef = 3A9AC07C1DEEB59500793801 /* PBXContainerItemProxy */;
			sourceTree = BUILT_PRODUCTS_DIR;
		};
		3AA5FB271DF7222300B6EBCE /* CarbonKit.framework */ = {
			isa = PBXReferenceProxy;
			fileType = wrapper.framework;
			path = CarbonKit.framework;
			remoteRef = 3AA5FB261DF7222300B6EBCE /* PBXContainerItemProxy */;
			sourceTree = BUILT_PRODUCTS_DIR;
		};
		3AA5FB291DF7222300B6EBCE /* CarbonKitTests.xctest */ = {
			isa = PBXReferenceProxy;
			fileType = wrapper.cfbundle;
			path = CarbonKitTests.xctest;
			remoteRef = 3AA5FB281DF7222300B6EBCE /* PBXContainerItemProxy */;
			sourceTree = BUILT_PRODUCTS_DIR;
		};
/* End PBXReferenceProxy section */

/* Begin PBXResourcesBuildPhase section */
		3A9248C01DD7A6AD004BBA99 /* Resources */ = {
			isa = PBXResourcesBuildPhase;
			buildActionMask = 2147483647;
			files = (
				3A4B90951DD7C77F00E23742 /* ExpenseCell.xib in Resources */,
				2971CB581DE6C4AA0027D9C9 /* CategoryCell.xib in Resources */,
				29BE80B41DF873D10012EB00 /* TimeReportPagerCell.xib in Resources */,
				2974D90F1DDD5C1A009AD3E3 /* GroupCell.xib in Resources */,
				3A9248D01DD7A6AD004BBA99 /* LaunchScreen.storyboard in Resources */,
				29EE3DFB1DDBFB6200EB695C /* MenuCell.xib in Resources */,
				3A9248CD1DD7A6AD004BBA99 /* Assets.xcassets in Resources */,
				29124DED1DF51F9F002F00A9 /* MemberListSectionHeader.xib in Resources */,
				3A9248CB1DD7A6AD004BBA99 /* Main.storyboard in Resources */,
				29C873CB1DEE14BE000F67C5 /* CategoryFilterCell.xib in Resources */,
				29585D911DF7982400D3F4DC /* CategoryReportRankCell.xib in Resources */,
				29C873D71DEE74D2000F67C5 /* DateFilterView.xib in Resources */,
				29AF298A1DED4BD400E03DBB /* MemberCell.xib in Resources */,
				29092AD11DF7551C00B3985B /* ReportPagerCell.xib in Resources */,
				29BE80AD1DF86C2A0012EB00 /* CategoryReportPagerCell.xib in Resources */,
			);
			runOnlyForDeploymentPostprocessing = 0;
		};
		3A9248D41DD7A6AD004BBA99 /* Resources */ = {
			isa = PBXResourcesBuildPhase;
			buildActionMask = 2147483647;
			files = (
			);
			runOnlyForDeploymentPostprocessing = 0;
		};
		3A9248DF1DD7A6AD004BBA99 /* Resources */ = {
			isa = PBXResourcesBuildPhase;
			buildActionMask = 2147483647;
			files = (
			);
			runOnlyForDeploymentPostprocessing = 0;
		};
/* End PBXResourcesBuildPhase section */

/* Begin PBXShellScriptBuildPhase section */
		3AA850931DDBF8930035F3FE /* ShellScript */ = {
			isa = PBXShellScriptBuildPhase;
			buildActionMask = 2147483647;
			files = (
			);
			inputPaths = (
				"$(SRCROOT)/Carthage/Build/iOS/Kingfisher.framework",
			);
			outputPaths = (
			);
			runOnlyForDeploymentPostprocessing = 0;
			shellPath = /bin/sh;
			shellScript = "/usr/local/bin/carthage copy-frameworks\n";
		};
/* End PBXShellScriptBuildPhase section */

/* Begin PBXSourcesBuildPhase section */
		3A9248BE1DD7A6AD004BBA99 /* Sources */ = {
			isa = PBXSourcesBuildPhase;
			buildActionMask = 2147483647;
			files = (
				29C873D51DEE74B6000F67C5 /* DateFilterView.swift in Sources */,
				29C217441DE2A27D00ACDF9B /* LoginViewController.swift in Sources */,
				3A84D62E1DEE746300C33BA4 /* PointerType.swift in Sources */,
				29EE3DFD1DDBFF8C00EB695C /* MenuItem.swift in Sources */,
				29AE9AF41DEBFB9C002E65E9 /* CategoryViewController.swift in Sources */,
				298D584A1DD910A600263258 /* RGroup.swift in Sources */,
				298D58441DD8E40000263258 /* RMember.swift in Sources */,
				3A9249031DD7AAF8004BBA99 /* Secrets.swift in Sources */,
				3A64E5731DEABD7400539BC1 /* CreateButton.swift in Sources */,
				3A84D6271DEE2FCE00C33BA4 /* SyncPhoto.swift in Sources */,
				29F4852B1DF6A50D0069D78D /* NotificationViewController.swift in Sources */,
				29BE80AC1DF86C2A0012EB00 /* CategoryReportPagerCell.swift in Sources */,
				29EEB3471DDABEFC00503DA2 /* HamburgerViewController.swift in Sources */,
				3A9249051DD7AB1A004BBA99 /* Endpoint.swift in Sources */,
				29BE80B31DF873D10012EB00 /* TimeReportPagerCell.swift in Sources */,
				2974D90B1DDD57F6009AD3E3 /* GroupViewController.swift in Sources */,
				29BE80B61DF896820012EB00 /* ReportExpenseViewController.swift in Sources */,
				29C873C71DEE0870000F67C5 /* CategoryFilterViewController.swift in Sources */,
				298D58461DD8F4CC00263258 /* RUser.swift in Sources */,
				3A4B90941DD7C77F00E23742 /* ExpenseCell.swift in Sources */,
				3AA8508E1DDAC1B60035F3FE /* WelcomeViewController.swift in Sources */,
				3A4B90901DD7C68700E23742 /* ExpenseViewController.swift in Sources */,
				298D58481DD9049600263258 /* RCategory.swift in Sources */,
				29124DEF1DF52F30002F00A9 /* HeaderInfo.swift in Sources */,
				29F485281DF69CCA0069D78D /* ReportViewController.swift in Sources */,
				29FE43331DE395A200938610 /* Helpers.swift in Sources */,
				29AF298C1DED4DEF00E03DBB /* MemberFilterViewController.swift in Sources */,
				2955F01A1DE0E1F300780597 /* SyncGroup.swift in Sources */,
				2971CB521DE6C1800027D9C9 /* EColor.swift in Sources */,
				3A9248C61DD7A6AD004BBA99 /* AppDelegate.swift in Sources */,
				29092AD01DF7551C00B3985B /* ReportPagerCell.swift in Sources */,
				2974D90E1DDD5C1A009AD3E3 /* GroupCell.swift in Sources */,
				29585D9A1DF7BB8D00D3F4DC /* ReportDetailPagerViewController.swift in Sources */,
				3AA850921DDBE5E50035F3FE /* SyncUser.swift in Sources */,
				29C873CA1DEE14BE000F67C5 /* CategoryFilterCell.swift in Sources */,
				3A92490D1DD7ABB3004BBA99 /* AppError.swift in Sources */,
				2971CB541DE6C1AD0027D9C9 /* EIcon.swift in Sources */,
				3A9249091DD7AB5A004BBA99 /* NetworkRequest.swift in Sources */,
				29124DEC1DF51F9F002F00A9 /* MemberListSectionHeader.swift in Sources */,
				3A64E5751DEBA5C500539BC1 /* CreateExpenseViewController.swift in Sources */,
				2955F01E1DE115B800780597 /* SyncCategory.swift in Sources */,
				29C217471DE2C39400ACDF9B /* OverviewViewController.swift in Sources */,
				29EE3DFF1DDC010100EB695C /* MenuViewController.swift in Sources */,
				2955F01C1DE106E500780597 /* SyncMember.swift in Sources */,
				3A9249111DD7AC00004BBA99 /* RExpense.swift in Sources */,
				29AF29891DED4BD400E03DBB /* MemberCell.swift in Sources */,
				3A9AC0841DEEB72200793801 /* ReportDetailViewController.swift in Sources */,
				29092ACA1DF7546F00B3985B /* ReportPagerListViewController.swift in Sources */,
				3A9249071DD7AB3F004BBA99 /* EndpointBuilder.swift in Sources */,
				2974D9151DDD7E57009AD3E3 /* GroupDetailViewController.swift in Sources */,
				29EE3DFA1DDBFB6200EB695C /* MenuCell.swift in Sources */,
				29F485211DF65A470069D78D /* AppConstants.swift in Sources */,
				3A92490B1DD7AB73004BBA99 /* SyncExpense.swift in Sources */,
				29580B3F1DE1639500D58BE1 /* SettingsViewController.swift in Sources */,
				2971CB571DE6C4AA0027D9C9 /* CategoryCell.swift in Sources */,
				29124DE61DF51DC4002F00A9 /* MemberListViewController.swift in Sources */,
				29585D901DF7982400D3F4DC /* CategoryReportRankCell.swift in Sources */,
			);
			runOnlyForDeploymentPostprocessing = 0;
		};
		3A9248D21DD7A6AD004BBA99 /* Sources */ = {
			isa = PBXSourcesBuildPhase;
			buildActionMask = 2147483647;
			files = (
				3A9248DB1DD7A6AD004BBA99 /* ExtrTests.swift in Sources */,
			);
			runOnlyForDeploymentPostprocessing = 0;
		};
		3A9248DD1DD7A6AD004BBA99 /* Sources */ = {
			isa = PBXSourcesBuildPhase;
			buildActionMask = 2147483647;
			files = (
				3A9248E61DD7A6AD004BBA99 /* ExtrUITests.swift in Sources */,
			);
			runOnlyForDeploymentPostprocessing = 0;
		};
/* End PBXSourcesBuildPhase section */

/* Begin PBXTargetDependency section */
		3A9248D81DD7A6AD004BBA99 /* PBXTargetDependency */ = {
			isa = PBXTargetDependency;
			target = 3A9248C11DD7A6AD004BBA99 /* Extr */;
			targetProxy = 3A9248D71DD7A6AD004BBA99 /* PBXContainerItemProxy */;
		};
		3A9248E31DD7A6AD004BBA99 /* PBXTargetDependency */ = {
			isa = PBXTargetDependency;
			target = 3A9248C11DD7A6AD004BBA99 /* Extr */;
			targetProxy = 3A9248E21DD7A6AD004BBA99 /* PBXContainerItemProxy */;
		};
		3A9AC07F1DEEB63C00793801 /* PBXTargetDependency */ = {
			isa = PBXTargetDependency;
			name = Charts;
			targetProxy = 3A9AC07E1DEEB63C00793801 /* PBXContainerItemProxy */;
		};
		3AA5FB2F1DF7226200B6EBCE /* PBXTargetDependency */ = {
			isa = PBXTargetDependency;
			name = CarbonKit;
			targetProxy = 3AA5FB2E1DF7226200B6EBCE /* PBXContainerItemProxy */;
		};
/* End PBXTargetDependency section */

/* Begin PBXVariantGroup section */
		3A9248C91DD7A6AD004BBA99 /* Main.storyboard */ = {
			isa = PBXVariantGroup;
			children = (
				3A9248CA1DD7A6AD004BBA99 /* Base */,
			);
			name = Main.storyboard;
			sourceTree = "<group>";
		};
		3A9248CE1DD7A6AD004BBA99 /* LaunchScreen.storyboard */ = {
			isa = PBXVariantGroup;
			children = (
				3A9248CF1DD7A6AD004BBA99 /* Base */,
			);
			name = LaunchScreen.storyboard;
			sourceTree = "<group>";
		};
/* End PBXVariantGroup section */

/* Begin XCBuildConfiguration section */
		3A9248E81DD7A6AD004BBA99 /* Debug */ = {
			isa = XCBuildConfiguration;
			buildSettings = {
				ALWAYS_SEARCH_USER_PATHS = NO;
				CLANG_ANALYZER_NONNULL = YES;
				CLANG_CXX_LANGUAGE_STANDARD = "gnu++0x";
				CLANG_CXX_LIBRARY = "libc++";
				CLANG_ENABLE_MODULES = YES;
				CLANG_ENABLE_OBJC_ARC = YES;
				CLANG_WARN_BOOL_CONVERSION = YES;
				CLANG_WARN_CONSTANT_CONVERSION = YES;
				CLANG_WARN_DIRECT_OBJC_ISA_USAGE = YES_ERROR;
				CLANG_WARN_DOCUMENTATION_COMMENTS = YES;
				CLANG_WARN_EMPTY_BODY = YES;
				CLANG_WARN_ENUM_CONVERSION = YES;
				CLANG_WARN_INFINITE_RECURSION = YES;
				CLANG_WARN_INT_CONVERSION = YES;
				CLANG_WARN_OBJC_ROOT_CLASS = YES_ERROR;
				CLANG_WARN_SUSPICIOUS_MOVES = YES;
				CLANG_WARN_UNREACHABLE_CODE = YES;
				CLANG_WARN__DUPLICATE_METHOD_MATCH = YES;
				"CODE_SIGN_IDENTITY[sdk=iphoneos*]" = "iPhone Developer";
				COPY_PHASE_STRIP = NO;
				DEBUG_INFORMATION_FORMAT = dwarf;
				ENABLE_STRICT_OBJC_MSGSEND = YES;
				ENABLE_TESTABILITY = YES;
				GCC_C_LANGUAGE_STANDARD = gnu99;
				GCC_DYNAMIC_NO_PIC = NO;
				GCC_NO_COMMON_BLOCKS = YES;
				GCC_OPTIMIZATION_LEVEL = 0;
				GCC_PREPROCESSOR_DEFINITIONS = (
					"DEBUG=1",
					"$(inherited)",
				);
				GCC_WARN_64_TO_32_BIT_CONVERSION = YES;
				GCC_WARN_ABOUT_RETURN_TYPE = YES_ERROR;
				GCC_WARN_UNDECLARED_SELECTOR = YES;
				GCC_WARN_UNINITIALIZED_AUTOS = YES_AGGRESSIVE;
				GCC_WARN_UNUSED_FUNCTION = YES;
				GCC_WARN_UNUSED_VARIABLE = YES;
				IPHONEOS_DEPLOYMENT_TARGET = 9.0;
				MTL_ENABLE_DEBUG_INFO = YES;
				ONLY_ACTIVE_ARCH = YES;
				SDKROOT = iphoneos;
				SWIFT_ACTIVE_COMPILATION_CONDITIONS = DEBUG;
				SWIFT_OPTIMIZATION_LEVEL = "-Onone";
				TARGETED_DEVICE_FAMILY = "1,2";
			};
			name = Debug;
		};
		3A9248E91DD7A6AD004BBA99 /* Release */ = {
			isa = XCBuildConfiguration;
			buildSettings = {
				ALWAYS_SEARCH_USER_PATHS = NO;
				CLANG_ANALYZER_NONNULL = YES;
				CLANG_CXX_LANGUAGE_STANDARD = "gnu++0x";
				CLANG_CXX_LIBRARY = "libc++";
				CLANG_ENABLE_MODULES = YES;
				CLANG_ENABLE_OBJC_ARC = YES;
				CLANG_WARN_BOOL_CONVERSION = YES;
				CLANG_WARN_CONSTANT_CONVERSION = YES;
				CLANG_WARN_DIRECT_OBJC_ISA_USAGE = YES_ERROR;
				CLANG_WARN_DOCUMENTATION_COMMENTS = YES;
				CLANG_WARN_EMPTY_BODY = YES;
				CLANG_WARN_ENUM_CONVERSION = YES;
				CLANG_WARN_INFINITE_RECURSION = YES;
				CLANG_WARN_INT_CONVERSION = YES;
				CLANG_WARN_OBJC_ROOT_CLASS = YES_ERROR;
				CLANG_WARN_SUSPICIOUS_MOVES = YES;
				CLANG_WARN_UNREACHABLE_CODE = YES;
				CLANG_WARN__DUPLICATE_METHOD_MATCH = YES;
				"CODE_SIGN_IDENTITY[sdk=iphoneos*]" = "iPhone Developer";
				COPY_PHASE_STRIP = NO;
				DEBUG_INFORMATION_FORMAT = "dwarf-with-dsym";
				ENABLE_NS_ASSERTIONS = NO;
				ENABLE_STRICT_OBJC_MSGSEND = YES;
				GCC_C_LANGUAGE_STANDARD = gnu99;
				GCC_NO_COMMON_BLOCKS = YES;
				GCC_WARN_64_TO_32_BIT_CONVERSION = YES;
				GCC_WARN_ABOUT_RETURN_TYPE = YES_ERROR;
				GCC_WARN_UNDECLARED_SELECTOR = YES;
				GCC_WARN_UNINITIALIZED_AUTOS = YES_AGGRESSIVE;
				GCC_WARN_UNUSED_FUNCTION = YES;
				GCC_WARN_UNUSED_VARIABLE = YES;
				IPHONEOS_DEPLOYMENT_TARGET = 9.0;
				MTL_ENABLE_DEBUG_INFO = NO;
				SDKROOT = iphoneos;
				SWIFT_OPTIMIZATION_LEVEL = "-Owholemodule";
				TARGETED_DEVICE_FAMILY = "1,2";
				VALIDATE_PRODUCT = YES;
			};
			name = Release;
		};
		3A9248EB1DD7A6AD004BBA99 /* Debug */ = {
			isa = XCBuildConfiguration;
			buildSettings = {
				ASSETCATALOG_COMPILER_APPICON_NAME = AppIcon;
				"CODE_SIGN_IDENTITY[sdk=iphoneos*]" = "iPhone Developer";
				DEVELOPMENT_TEAM = Z6DQ796RKP;
				FRAMEWORK_SEARCH_PATHS = (
					"$(inherited)",
					"$(PROJECT_DIR)/Carthage/Build/iOS",
				);
				INFOPLIST_FILE = Extr/Info.plist;
				IPHONEOS_DEPLOYMENT_TARGET = 9.0;
				LD_RUNPATH_SEARCH_PATHS = "$(inherited) @executable_path/Frameworks";
				PRODUCT_BUNDLE_IDENTIFIER = com.expensemanager.Extr;
				PRODUCT_NAME = "$(TARGET_NAME)";
				SWIFT_VERSION = 3.0;
			};
			name = Debug;
		};
		3A9248EC1DD7A6AD004BBA99 /* Release */ = {
			isa = XCBuildConfiguration;
			buildSettings = {
				ASSETCATALOG_COMPILER_APPICON_NAME = AppIcon;
				"CODE_SIGN_IDENTITY[sdk=iphoneos*]" = "iPhone Developer";
				DEVELOPMENT_TEAM = Z6DQ796RKP;
				FRAMEWORK_SEARCH_PATHS = (
					"$(inherited)",
					"$(PROJECT_DIR)/Carthage/Build/iOS",
				);
				INFOPLIST_FILE = Extr/Info.plist;
				IPHONEOS_DEPLOYMENT_TARGET = 9.0;
				LD_RUNPATH_SEARCH_PATHS = "$(inherited) @executable_path/Frameworks";
				PRODUCT_BUNDLE_IDENTIFIER = com.expensemanager.Extr;
				PRODUCT_NAME = "$(TARGET_NAME)";
				SWIFT_VERSION = 3.0;
			};
			name = Release;
		};
		3A9248EE1DD7A6AD004BBA99 /* Debug */ = {
			isa = XCBuildConfiguration;
			buildSettings = {
				ALWAYS_EMBED_SWIFT_STANDARD_LIBRARIES = YES;
				BUNDLE_LOADER = "$(TEST_HOST)";
				DEVELOPMENT_TEAM = Z6DQ796RKP;
				INFOPLIST_FILE = ExtrTests/Info.plist;
				LD_RUNPATH_SEARCH_PATHS = "$(inherited) @executable_path/Frameworks @loader_path/Frameworks";
				PRODUCT_BUNDLE_IDENTIFIER = com.expensemanager.ExtrTests;
				PRODUCT_NAME = "$(TARGET_NAME)";
				SWIFT_VERSION = 3.0;
				TEST_HOST = "$(BUILT_PRODUCTS_DIR)/Extr.app/Extr";
			};
			name = Debug;
		};
		3A9248EF1DD7A6AD004BBA99 /* Release */ = {
			isa = XCBuildConfiguration;
			buildSettings = {
				ALWAYS_EMBED_SWIFT_STANDARD_LIBRARIES = YES;
				BUNDLE_LOADER = "$(TEST_HOST)";
				DEVELOPMENT_TEAM = Z6DQ796RKP;
				INFOPLIST_FILE = ExtrTests/Info.plist;
				LD_RUNPATH_SEARCH_PATHS = "$(inherited) @executable_path/Frameworks @loader_path/Frameworks";
				PRODUCT_BUNDLE_IDENTIFIER = com.expensemanager.ExtrTests;
				PRODUCT_NAME = "$(TARGET_NAME)";
				SWIFT_VERSION = 3.0;
				TEST_HOST = "$(BUILT_PRODUCTS_DIR)/Extr.app/Extr";
			};
			name = Release;
		};
		3A9248F11DD7A6AD004BBA99 /* Debug */ = {
			isa = XCBuildConfiguration;
			buildSettings = {
				ALWAYS_EMBED_SWIFT_STANDARD_LIBRARIES = YES;
				DEVELOPMENT_TEAM = Z6DQ796RKP;
				INFOPLIST_FILE = ExtrUITests/Info.plist;
				LD_RUNPATH_SEARCH_PATHS = "$(inherited) @executable_path/Frameworks @loader_path/Frameworks";
				PRODUCT_BUNDLE_IDENTIFIER = com.expensemanager.ExtrUITests;
				PRODUCT_NAME = "$(TARGET_NAME)";
				SWIFT_VERSION = 3.0;
				TEST_TARGET_NAME = Extr;
			};
			name = Debug;
		};
		3A9248F21DD7A6AD004BBA99 /* Release */ = {
			isa = XCBuildConfiguration;
			buildSettings = {
				ALWAYS_EMBED_SWIFT_STANDARD_LIBRARIES = YES;
				DEVELOPMENT_TEAM = Z6DQ796RKP;
				INFOPLIST_FILE = ExtrUITests/Info.plist;
				LD_RUNPATH_SEARCH_PATHS = "$(inherited) @executable_path/Frameworks @loader_path/Frameworks";
				PRODUCT_BUNDLE_IDENTIFIER = com.expensemanager.ExtrUITests;
				PRODUCT_NAME = "$(TARGET_NAME)";
				SWIFT_VERSION = 3.0;
				TEST_TARGET_NAME = Extr;
			};
			name = Release;
		};
/* End XCBuildConfiguration section */

/* Begin XCConfigurationList section */
		3A9248BD1DD7A6AD004BBA99 /* Build configuration list for PBXProject "Extr" */ = {
			isa = XCConfigurationList;
			buildConfigurations = (
				3A9248E81DD7A6AD004BBA99 /* Debug */,
				3A9248E91DD7A6AD004BBA99 /* Release */,
			);
			defaultConfigurationIsVisible = 0;
			defaultConfigurationName = Release;
		};
		3A9248EA1DD7A6AD004BBA99 /* Build configuration list for PBXNativeTarget "Extr" */ = {
			isa = XCConfigurationList;
			buildConfigurations = (
				3A9248EB1DD7A6AD004BBA99 /* Debug */,
				3A9248EC1DD7A6AD004BBA99 /* Release */,
			);
			defaultConfigurationIsVisible = 0;
			defaultConfigurationName = Release;
		};
		3A9248ED1DD7A6AD004BBA99 /* Build configuration list for PBXNativeTarget "ExtrTests" */ = {
			isa = XCConfigurationList;
			buildConfigurations = (
				3A9248EE1DD7A6AD004BBA99 /* Debug */,
				3A9248EF1DD7A6AD004BBA99 /* Release */,
			);
			defaultConfigurationIsVisible = 0;
			defaultConfigurationName = Release;
		};
		3A9248F01DD7A6AD004BBA99 /* Build configuration list for PBXNativeTarget "ExtrUITests" */ = {
			isa = XCConfigurationList;
			buildConfigurations = (
				3A9248F11DD7A6AD004BBA99 /* Debug */,
				3A9248F21DD7A6AD004BBA99 /* Release */,
			);
			defaultConfigurationIsVisible = 0;
			defaultConfigurationName = Release;
		};
/* End XCConfigurationList section */
	};
	rootObject = 3A9248BA1DD7A6AD004BBA99 /* Project object */;
}
